// !$*UTF8*$!
{
	archiveVersion = 1;
	classes = {
	};
	objectVersion = 56;
	objects = {

/* Begin PBXBuildFile section */
		4703B96829A121B400B6CA78 /* UserDetailsViewModel.swift in Sources */ = {isa = PBXBuildFile; fileRef = 4703B96729A121B400B6CA78 /* UserDetailsViewModel.swift */; };
		4730271329A0994B00817BD1 /* NetworkManager.swift in Sources */ = {isa = PBXBuildFile; fileRef = 4730271229A0994B00817BD1 /* NetworkManager.swift */; };
		473DA45929A224CA00DFFE04 /* LogManager.swift in Sources */ = {isa = PBXBuildFile; fileRef = 473DA45829A224CA00DFFE04 /* LogManager.swift */; };
		473DA45B29A25A7700DFFE04 /* CheckmarkPopoverView.swift in Sources */ = {isa = PBXBuildFile; fileRef = 473DA45A29A25A7700DFFE04 /* CheckmarkPopoverView.swift */; };
		476AFEA32998E6F000C4A3C7 /* UserDetailsView.swift in Sources */ = {isa = PBXBuildFile; fileRef = 476AFEA22998E6F000C4A3C7 /* UserDetailsView.swift */; };
		476AFEA52998E98B00C4A3C7 /* BackgroundView.swift in Sources */ = {isa = PBXBuildFile; fileRef = 476AFEA42998E98B00C4A3C7 /* BackgroundView.swift */; };
		4774793F299FA86500CCB754 /* CreateView.swift in Sources */ = {isa = PBXBuildFile; fileRef = 4774793E299FA86500CCB754 /* CreateView.swift */; };
		47747941299FB22B00CCB754 /* ToolbarButton.swift in Sources */ = {isa = PBXBuildFile; fileRef = 47747940299FB22B00CCB754 /* ToolbarButton.swift */; };
		478079FA29976D0100AE1163 /* UserDetailsResponse.swift in Sources */ = {isa = PBXBuildFile; fileRef = 478079F929976D0100AE1163 /* UserDetailsResponse.swift */; };
		478079FC29976D7E00AE1163 /* UsersResponse.swift in Sources */ = {isa = PBXBuildFile; fileRef = 478079FB29976D7E00AE1163 /* UsersResponse.swift */; };
		47807A0129976E9600AE1163 /* Models.swift in Sources */ = {isa = PBXBuildFile; fileRef = 47807A0029976E9600AE1163 /* Models.swift */; };
		47807A0429976F0900AE1163 /* StaticJSONMapper.swift in Sources */ = {isa = PBXBuildFile; fileRef = 47807A0329976F0900AE1163 /* StaticJSONMapper.swift */; };
		47807A0A2997803700AE1163 /* UsersStaticData.json in Resources */ = {isa = PBXBuildFile; fileRef = 47807A092997803700AE1163 /* UsersStaticData.json */; };
		47807A0E2997817800AE1163 /* UserDetailsStaticData.json in Resources */ = {isa = PBXBuildFile; fileRef = 47807A0D2997817800AE1163 /* UserDetailsStaticData.json */; };
		47807A102997A45300AE1163 /* PeopleView.swift in Sources */ = {isa = PBXBuildFile; fileRef = 47807A0F2997A45300AE1163 /* PeopleView.swift */; };
		47807A122997E5E300AE1163 /* PersonItemView.swift in Sources */ = {isa = PBXBuildFile; fileRef = 47807A112997E5E300AE1163 /* PersonItemView.swift */; };
		47807A152997E70100AE1163 /* PillView.swift in Sources */ = {isa = PBXBuildFile; fileRef = 47807A142997E70100AE1163 /* PillView.swift */; };
		4784B76729A101E600F96665 /* PeopleViewModel.swift in Sources */ = {isa = PBXBuildFile; fileRef = 4784B76629A101E500F96665 /* PeopleViewModel.swift */; };
		4792244F29A3D430006AE4FD /* CreateValidator.swift in Sources */ = {isa = PBXBuildFile; fileRef = 4792244E29A3D430006AE4FD /* CreateValidator.swift */; };
		47A1B40229A0A57500B0DC94 /* EndPoint.swift in Sources */ = {isa = PBXBuildFile; fileRef = 47A1B40129A0A57500B0DC94 /* EndPoint.swift */; };
		47A8057C29A51E4D00BAC03B /* HapticManager.swift in Sources */ = {isa = PBXBuildFile; fileRef = 47A8057B29A51E4D00BAC03B /* HapticManager.swift */; };
		47A8057E29A5231800BAC03B /* SettingsView.swift in Sources */ = {isa = PBXBuildFile; fileRef = 47A8057D29A5231800BAC03B /* SettingsView.swift */; };
		47A8058229A524A300BAC03B /* UserDefaultsKeys.swift in Sources */ = {isa = PBXBuildFile; fileRef = 47A8058129A524A300BAC03B /* UserDefaultsKeys.swift */; };
		47EB3CB529A12FCA00E5DCE5 /* NewUser.swift in Sources */ = {isa = PBXBuildFile; fileRef = 47EB3CB429A12FCA00E5DCE5 /* NewUser.swift */; };
		47EB3CB729A1306000E5DCE5 /* CreateViewModel.swift in Sources */ = {isa = PBXBuildFile; fileRef = 47EB3CB629A1306000E5DCE5 /* CreateViewModel.swift */; };
		47ED3A32299532ED00AE39C3 /* Take_Home_Project_SwiftUIApp.swift in Sources */ = {isa = PBXBuildFile; fileRef = 47ED3A31299532ED00AE39C3 /* Take_Home_Project_SwiftUIApp.swift */; };
		47ED3A36299532EF00AE39C3 /* Assets.xcassets in Resources */ = {isa = PBXBuildFile; fileRef = 47ED3A35299532EF00AE39C3 /* Assets.xcassets */; };
		47ED3A39299532EF00AE39C3 /* Preview Assets.xcassets in Resources */ = {isa = PBXBuildFile; fileRef = 47ED3A38299532EF00AE39C3 /* Preview Assets.xcassets */; };
		47ED3A412995466400AE39C3 /* Symbols.swift in Sources */ = {isa = PBXBuildFile; fileRef = 47ED3A402995466400AE39C3 /* Symbols.swift */; };
		47ED3A43299548B100AE39C3 /* Theme.swift in Sources */ = {isa = PBXBuildFile; fileRef = 47ED3A42299548B100AE39C3 /* Theme.swift */; };
/* End PBXBuildFile section */

/* Begin PBXFileReference section */
		4703B96729A121B400B6CA78 /* UserDetailsViewModel.swift */ = {isa = PBXFileReference; lastKnownFileType = sourcecode.swift; path = UserDetailsViewModel.swift; sourceTree = "<group>"; };
		4730271229A0994B00817BD1 /* NetworkManager.swift */ = {isa = PBXFileReference; lastKnownFileType = sourcecode.swift; path = NetworkManager.swift; sourceTree = "<group>"; };
		473DA45829A224CA00DFFE04 /* LogManager.swift */ = {isa = PBXFileReference; lastKnownFileType = sourcecode.swift; path = LogManager.swift; sourceTree = "<group>"; };
		473DA45A29A25A7700DFFE04 /* CheckmarkPopoverView.swift */ = {isa = PBXFileReference; lastKnownFileType = sourcecode.swift; path = CheckmarkPopoverView.swift; sourceTree = "<group>"; };
		476AFEA22998E6F000C4A3C7 /* UserDetailsView.swift */ = {isa = PBXFileReference; lastKnownFileType = sourcecode.swift; path = UserDetailsView.swift; sourceTree = "<group>"; };
		476AFEA42998E98B00C4A3C7 /* BackgroundView.swift */ = {isa = PBXFileReference; lastKnownFileType = sourcecode.swift; path = BackgroundView.swift; sourceTree = "<group>"; };
		4774793E299FA86500CCB754 /* CreateView.swift */ = {isa = PBXFileReference; lastKnownFileType = sourcecode.swift; path = CreateView.swift; sourceTree = "<group>"; };
		47747940299FB22B00CCB754 /* ToolbarButton.swift */ = {isa = PBXFileReference; lastKnownFileType = sourcecode.swift; path = ToolbarButton.swift; sourceTree = "<group>"; };
		478079F929976D0100AE1163 /* UserDetailsResponse.swift */ = {isa = PBXFileReference; lastKnownFileType = sourcecode.swift; path = UserDetailsResponse.swift; sourceTree = "<group>"; };
		478079FB29976D7E00AE1163 /* UsersResponse.swift */ = {isa = PBXFileReference; lastKnownFileType = sourcecode.swift; path = UsersResponse.swift; sourceTree = "<group>"; };
		47807A0029976E9600AE1163 /* Models.swift */ = {isa = PBXFileReference; lastKnownFileType = sourcecode.swift; path = Models.swift; sourceTree = "<group>"; };
		47807A0329976F0900AE1163 /* StaticJSONMapper.swift */ = {isa = PBXFileReference; lastKnownFileType = sourcecode.swift; path = StaticJSONMapper.swift; sourceTree = "<group>"; };
		47807A092997803700AE1163 /* UsersStaticData.json */ = {isa = PBXFileReference; fileEncoding = 4; lastKnownFileType = text.json; path = UsersStaticData.json; sourceTree = "<group>"; };
		47807A0D2997817800AE1163 /* UserDetailsStaticData.json */ = {isa = PBXFileReference; fileEncoding = 4; lastKnownFileType = text.json; path = UserDetailsStaticData.json; sourceTree = "<group>"; };
		47807A0F2997A45300AE1163 /* PeopleView.swift */ = {isa = PBXFileReference; lastKnownFileType = sourcecode.swift; path = PeopleView.swift; sourceTree = "<group>"; };
		47807A112997E5E300AE1163 /* PersonItemView.swift */ = {isa = PBXFileReference; lastKnownFileType = sourcecode.swift; path = PersonItemView.swift; sourceTree = "<group>"; };
		47807A142997E70100AE1163 /* PillView.swift */ = {isa = PBXFileReference; lastKnownFileType = sourcecode.swift; path = PillView.swift; sourceTree = "<group>"; };
		4784B76629A101E500F96665 /* PeopleViewModel.swift */ = {isa = PBXFileReference; lastKnownFileType = sourcecode.swift; path = PeopleViewModel.swift; sourceTree = "<group>"; };
		4792244E29A3D430006AE4FD /* CreateValidator.swift */ = {isa = PBXFileReference; lastKnownFileType = sourcecode.swift; path = CreateValidator.swift; sourceTree = "<group>"; };
		47A1B40129A0A57500B0DC94 /* EndPoint.swift */ = {isa = PBXFileReference; lastKnownFileType = sourcecode.swift; path = EndPoint.swift; sourceTree = "<group>"; };
		47A8057B29A51E4D00BAC03B /* HapticManager.swift */ = {isa = PBXFileReference; lastKnownFileType = sourcecode.swift; path = HapticManager.swift; sourceTree = "<group>"; };
		47A8057D29A5231800BAC03B /* SettingsView.swift */ = {isa = PBXFileReference; lastKnownFileType = sourcecode.swift; path = SettingsView.swift; sourceTree = "<group>"; };
		47A8058129A524A300BAC03B /* UserDefaultsKeys.swift */ = {isa = PBXFileReference; lastKnownFileType = sourcecode.swift; path = UserDefaultsKeys.swift; sourceTree = "<group>"; };
		47EB3CB429A12FCA00E5DCE5 /* NewUser.swift */ = {isa = PBXFileReference; lastKnownFileType = sourcecode.swift; path = NewUser.swift; sourceTree = "<group>"; };
		47EB3CB629A1306000E5DCE5 /* CreateViewModel.swift */ = {isa = PBXFileReference; lastKnownFileType = sourcecode.swift; path = CreateViewModel.swift; sourceTree = "<group>"; };
		47ED3A2E299532ED00AE39C3 /* Take Home Project SwiftUI.app */ = {isa = PBXFileReference; explicitFileType = wrapper.application; includeInIndex = 0; path = "Take Home Project SwiftUI.app"; sourceTree = BUILT_PRODUCTS_DIR; };
		47ED3A31299532ED00AE39C3 /* Take_Home_Project_SwiftUIApp.swift */ = {isa = PBXFileReference; lastKnownFileType = sourcecode.swift; path = Take_Home_Project_SwiftUIApp.swift; sourceTree = "<group>"; };
		47ED3A35299532EF00AE39C3 /* Assets.xcassets */ = {isa = PBXFileReference; lastKnownFileType = folder.assetcatalog; path = Assets.xcassets; sourceTree = "<group>"; };
		47ED3A38299532EF00AE39C3 /* Preview Assets.xcassets */ = {isa = PBXFileReference; lastKnownFileType = folder.assetcatalog; path = "Preview Assets.xcassets"; sourceTree = "<group>"; };
		47ED3A402995466400AE39C3 /* Symbols.swift */ = {isa = PBXFileReference; lastKnownFileType = sourcecode.swift; path = Symbols.swift; sourceTree = "<group>"; };
		47ED3A42299548B100AE39C3 /* Theme.swift */ = {isa = PBXFileReference; lastKnownFileType = sourcecode.swift; path = Theme.swift; sourceTree = "<group>"; };
		47ED3A5329954CCC00AE39C3 /* Take-Home-Project-SwiftUI-Info.plist */ = {isa = PBXFileReference; lastKnownFileType = text.plist; path = "Take-Home-Project-SwiftUI-Info.plist"; sourceTree = SOURCE_ROOT; };
/* End PBXFileReference section */

/* Begin PBXFrameworksBuildPhase section */
		47ED3A2B299532ED00AE39C3 /* Frameworks */ = {
			isa = PBXFrameworksBuildPhase;
			buildActionMask = 2147483647;
			files = (
			);
			runOnlyForDeploymentPostprocessing = 0;
		};
/* End PBXFrameworksBuildPhase section */

/* Begin PBXGroup section */
		4730271129A0993B00817BD1 /* API */ = {
			isa = PBXGroup;
			children = (
				4730271229A0994B00817BD1 /* NetworkManager.swift */,
				47A1B40129A0A57500B0DC94 /* EndPoint.swift */,
			);
			path = API;
			sourceTree = "<group>";
		};
		473DA45729A224A900DFFE04 /* Log */ = {
			isa = PBXGroup;
			children = (
				473DA45829A224CA00DFFE04 /* LogManager.swift */,
			);
			path = Log;
			sourceTree = "<group>";
		};
		478079F529976B7B00AE1163 /* JSON */ = {
			isa = PBXGroup;
			children = (
				47807A0D2997817800AE1163 /* UserDetailsStaticData.json */,
				47807A092997803700AE1163 /* UsersStaticData.json */,
			);
			path = JSON;
			sourceTree = "<group>";
		};
		478079F629976B8800AE1163 /* Assets */ = {
			isa = PBXGroup;
			children = (
				47ED3A402995466400AE39C3 /* Symbols.swift */,
				47ED3A42299548B100AE39C3 /* Theme.swift */,
			);
			path = Assets;
			sourceTree = "<group>";
		};
		478079FD29976E7F00AE1163 /* Model */ = {
			isa = PBXGroup;
			children = (
				47807A0029976E9600AE1163 /* Models.swift */,
			);
			path = Model;
			sourceTree = "<group>";
		};
		47807A0229976EF900AE1163 /* Mapper */ = {
			isa = PBXGroup;
			children = (
				47807A0329976F0900AE1163 /* StaticJSONMapper.swift */,
			);
			path = Mapper;
			sourceTree = "<group>";
		};
		47807A132997E6E800AE1163 /* Views */ = {
			isa = PBXGroup;
			children = (
				476AFEA42998E98B00C4A3C7 /* BackgroundView.swift */,
				47807A142997E70100AE1163 /* PillView.swift */,
				47747940299FB22B00CCB754 /* ToolbarButton.swift */,
				473DA45A29A25A7700DFFE04 /* CheckmarkPopoverView.swift */,
			);
			path = Views;
			sourceTree = "<group>";
		};
		4792244D29A3D41A006AE4FD /* Validator */ = {
			isa = PBXGroup;
			children = (
				4792244E29A3D430006AE4FD /* CreateValidator.swift */,
			);
			path = Validator;
			sourceTree = "<group>";
		};
		47A8057A29A51E4100BAC03B /* Haptics */ = {
			isa = PBXGroup;
			children = (
				47A8057B29A51E4D00BAC03B /* HapticManager.swift */,
			);
			path = Haptics;
			sourceTree = "<group>";
		};
		47A8057F29A5231C00BAC03B /* Views */ = {
			isa = PBXGroup;
			children = (
				47A8057D29A5231800BAC03B /* SettingsView.swift */,
			);
			path = Views;
			sourceTree = "<group>";
		};
		47A8058029A5248500BAC03B /* User Defaults */ = {
			isa = PBXGroup;
			children = (
				47A8058129A524A300BAC03B /* UserDefaultsKeys.swift */,
			);
			path = "User Defaults";
			sourceTree = "<group>";
		};
		47ED3A25299532ED00AE39C3 = {
			isa = PBXGroup;
			children = (
				47ED3A30299532ED00AE39C3 /* Take Home Project SwiftUI */,
				47ED3A2F299532ED00AE39C3 /* Products */,
			);
			sourceTree = "<group>";
		};
		47ED3A2F299532ED00AE39C3 /* Products */ = {
			isa = PBXGroup;
			children = (
				47ED3A2E299532ED00AE39C3 /* Take Home Project SwiftUI.app */,
			);
			name = Products;
			sourceTree = "<group>";
		};
		47ED3A30299532ED00AE39C3 /* Take Home Project SwiftUI */ = {
			isa = PBXGroup;
			children = (
				47ED3A44299549F900AE39C3 /* Features */,
				47ED3A4929954A4400AE39C3 /* Base */,
				47ED3A3F2995460C00AE39C3 /* Resources */,
				47ED3A31299532ED00AE39C3 /* Take_Home_Project_SwiftUIApp.swift */,
				47ED3A5329954CCC00AE39C3 /* Take-Home-Project-SwiftUI-Info.plist */,
				47ED3A35299532EF00AE39C3 /* Assets.xcassets */,
				47ED3A37299532EF00AE39C3 /* Preview Content */,
			);
			path = "Take Home Project SwiftUI";
			sourceTree = "<group>";
		};
		47ED3A37299532EF00AE39C3 /* Preview Content */ = {
			isa = PBXGroup;
			children = (
				47ED3A38299532EF00AE39C3 /* Preview Assets.xcassets */,
			);
			path = "Preview Content";
			sourceTree = "<group>";
		};
		47ED3A3F2995460C00AE39C3 /* Resources */ = {
			isa = PBXGroup;
			children = (
				478079F529976B7B00AE1163 /* JSON */,
				478079F629976B8800AE1163 /* Assets */,
			);
			path = Resources;
			sourceTree = "<group>";
		};
		47ED3A44299549F900AE39C3 /* Features */ = {
			isa = PBXGroup;
			children = (
				47ED3A4829954A3900AE39C3 /* Settings */,
				47ED3A4729954A3000AE39C3 /* Detail */,
				47ED3A4629954A1D00AE39C3 /* Create */,
				47ED3A4529954A0700AE39C3 /* People */,
			);
			path = Features;
			sourceTree = "<group>";
		};
		47ED3A4529954A0700AE39C3 /* People */ = {
			isa = PBXGroup;
			children = (
				47ED3A4B29954A6200AE39C3 /* Model */,
				47ED3A4A29954A5C00AE39C3 /* Views */,
				47ED3A4C29954A6D00AE39C3 /* View Models */,
			);
			path = People;
			sourceTree = "<group>";
		};
		47ED3A4629954A1D00AE39C3 /* Create */ = {
			isa = PBXGroup;
			children = (
				4792244D29A3D41A006AE4FD /* Validator */,
				47ED3A4E29954A9300AE39C3 /* Model */,
				47ED3A4D29954A8600AE39C3 /* Views */,
				47ED3A4F29954A9B00AE39C3 /* View Models */,
			);
			path = Create;
			sourceTree = "<group>";
		};
		47ED3A4729954A3000AE39C3 /* Detail */ = {
			isa = PBXGroup;
			children = (
				47ED3A5129954AB000AE39C3 /* Model */,
				47ED3A5029954AA700AE39C3 /* Views */,
				47ED3A5229954AB800AE39C3 /* View Models */,
			);
			path = Detail;
			sourceTree = "<group>";
		};
		47ED3A4829954A3900AE39C3 /* Settings */ = {
			isa = PBXGroup;
			children = (
				47A8057F29A5231C00BAC03B /* Views */,
			);
			path = Settings;
			sourceTree = "<group>";
		};
		47ED3A4929954A4400AE39C3 /* Base */ = {
			isa = PBXGroup;
			children = (
				47A8058029A5248500BAC03B /* User Defaults */,
				47A8057A29A51E4100BAC03B /* Haptics */,
				473DA45729A224A900DFFE04 /* Log */,
				4730271129A0993B00817BD1 /* API */,
				47807A132997E6E800AE1163 /* Views */,
				47807A0229976EF900AE1163 /* Mapper */,
				478079FD29976E7F00AE1163 /* Model */,
			);
			path = Base;
			sourceTree = "<group>";
		};
		47ED3A4A29954A5C00AE39C3 /* Views */ = {
			isa = PBXGroup;
			children = (
				47807A0F2997A45300AE1163 /* PeopleView.swift */,
				47807A112997E5E300AE1163 /* PersonItemView.swift */,
			);
			path = Views;
			sourceTree = "<group>";
		};
		47ED3A4B29954A6200AE39C3 /* Model */ = {
			isa = PBXGroup;
			children = (
				478079FB29976D7E00AE1163 /* UsersResponse.swift */,
			);
			path = Model;
			sourceTree = "<group>";
		};
		47ED3A4C29954A6D00AE39C3 /* View Models */ = {
			isa = PBXGroup;
			children = (
				4784B76629A101E500F96665 /* PeopleViewModel.swift */,
			);
			path = "View Models";
			sourceTree = "<group>";
		};
		47ED3A4D29954A8600AE39C3 /* Views */ = {
			isa = PBXGroup;
			children = (
				4774793E299FA86500CCB754 /* CreateView.swift */,
			);
			path = Views;
			sourceTree = "<group>";
		};
		47ED3A4E29954A9300AE39C3 /* Model */ = {
			isa = PBXGroup;
			children = (
				47EB3CB429A12FCA00E5DCE5 /* NewUser.swift */,
			);
			path = Model;
			sourceTree = "<group>";
		};
		47ED3A4F29954A9B00AE39C3 /* View Models */ = {
			isa = PBXGroup;
			children = (
				47EB3CB629A1306000E5DCE5 /* CreateViewModel.swift */,
			);
			path = "View Models";
			sourceTree = "<group>";
		};
		47ED3A5029954AA700AE39C3 /* Views */ = {
			isa = PBXGroup;
			children = (
				476AFEA22998E6F000C4A3C7 /* UserDetailsView.swift */,
			);
			path = Views;
			sourceTree = "<group>";
		};
		47ED3A5129954AB000AE39C3 /* Model */ = {
			isa = PBXGroup;
			children = (
				478079F929976D0100AE1163 /* UserDetailsResponse.swift */,
			);
			path = Model;
			sourceTree = "<group>";
		};
		47ED3A5229954AB800AE39C3 /* View Models */ = {
			isa = PBXGroup;
			children = (
				4703B96729A121B400B6CA78 /* UserDetailsViewModel.swift */,
			);
			path = "View Models";
			sourceTree = "<group>";
		};
/* End PBXGroup section */

/* Begin PBXNativeTarget section */
		47ED3A2D299532ED00AE39C3 /* Take Home Project SwiftUI */ = {
			isa = PBXNativeTarget;
			buildConfigurationList = 47ED3A3C299532EF00AE39C3 /* Build configuration list for PBXNativeTarget "Take Home Project SwiftUI" */;
			buildPhases = (
				47ED3A2A299532ED00AE39C3 /* Sources */,
				47ED3A2B299532ED00AE39C3 /* Frameworks */,
				47ED3A2C299532ED00AE39C3 /* Resources */,
			);
			buildRules = (
			);
			dependencies = (
			);
			name = "Take Home Project SwiftUI";
			productName = "Take Home Project SwiftUI";
			productReference = 47ED3A2E299532ED00AE39C3 /* Take Home Project SwiftUI.app */;
			productType = "com.apple.product-type.application";
		};
/* End PBXNativeTarget section */

/* Begin PBXProject section */
		47ED3A26299532ED00AE39C3 /* Project object */ = {
			isa = PBXProject;
			attributes = {
				BuildIndependentTargetsInParallel = 1;
				LastSwiftUpdateCheck = 1420;
				LastUpgradeCheck = 1420;
				TargetAttributes = {
					47ED3A2D299532ED00AE39C3 = {
						CreatedOnToolsVersion = 14.2;
					};
				};
			};
			buildConfigurationList = 47ED3A29299532ED00AE39C3 /* Build configuration list for PBXProject "Take Home Project SwiftUI" */;
			compatibilityVersion = "Xcode 14.0";
			developmentRegion = en;
			hasScannedForEncodings = 0;
			knownRegions = (
				en,
				Base,
			);
			mainGroup = 47ED3A25299532ED00AE39C3;
			productRefGroup = 47ED3A2F299532ED00AE39C3 /* Products */;
			projectDirPath = "";
			projectRoot = "";
			targets = (
				47ED3A2D299532ED00AE39C3 /* Take Home Project SwiftUI */,
			);
		};
/* End PBXProject section */

/* Begin PBXResourcesBuildPhase section */
		47ED3A2C299532ED00AE39C3 /* Resources */ = {
			isa = PBXResourcesBuildPhase;
			buildActionMask = 2147483647;
			files = (
				47ED3A39299532EF00AE39C3 /* Preview Assets.xcassets in Resources */,
				47807A0E2997817800AE1163 /* UserDetailsStaticData.json in Resources */,
				47ED3A36299532EF00AE39C3 /* Assets.xcassets in Resources */,
				47807A0A2997803700AE1163 /* UsersStaticData.json in Resources */,
			);
			runOnlyForDeploymentPostprocessing = 0;
		};
/* End PBXResourcesBuildPhase section */

/* Begin PBXSourcesBuildPhase section */
		47ED3A2A299532ED00AE39C3 /* Sources */ = {
			isa = PBXSourcesBuildPhase;
			buildActionMask = 2147483647;
			files = (
				478079FA29976D0100AE1163 /* UserDetailsResponse.swift in Sources */,
				47807A152997E70100AE1163 /* PillView.swift in Sources */,
				47A8058229A524A300BAC03B /* UserDefaultsKeys.swift in Sources */,
				473DA45B29A25A7700DFFE04 /* CheckmarkPopoverView.swift in Sources */,
				4703B96829A121B400B6CA78 /* UserDetailsViewModel.swift in Sources */,
				478079FC29976D7E00AE1163 /* UsersResponse.swift in Sources */,
				473DA45929A224CA00DFFE04 /* LogManager.swift in Sources */,
				47807A102997A45300AE1163 /* PeopleView.swift in Sources */,
				47ED3A412995466400AE39C3 /* Symbols.swift in Sources */,
				4792244F29A3D430006AE4FD /* CreateValidator.swift in Sources */,
				47747941299FB22B00CCB754 /* ToolbarButton.swift in Sources */,
				47A8057C29A51E4D00BAC03B /* HapticManager.swift in Sources */,
				47EB3CB529A12FCA00E5DCE5 /* NewUser.swift in Sources */,
				47807A0129976E9600AE1163 /* Models.swift in Sources */,
				476AFEA52998E98B00C4A3C7 /* BackgroundView.swift in Sources */,
				47ED3A43299548B100AE39C3 /* Theme.swift in Sources */,
				47A8057E29A5231800BAC03B /* SettingsView.swift in Sources */,
				4774793F299FA86500CCB754 /* CreateView.swift in Sources */,
				47A1B40229A0A57500B0DC94 /* EndPoint.swift in Sources */,
				47807A0429976F0900AE1163 /* StaticJSONMapper.swift in Sources */,
				47807A122997E5E300AE1163 /* PersonItemView.swift in Sources */,
				4730271329A0994B00817BD1 /* NetworkManager.swift in Sources */,
				47EB3CB729A1306000E5DCE5 /* CreateViewModel.swift in Sources */,
				4784B76729A101E600F96665 /* PeopleViewModel.swift in Sources */,
				47ED3A32299532ED00AE39C3 /* Take_Home_Project_SwiftUIApp.swift in Sources */,
				476AFEA32998E6F000C4A3C7 /* UserDetailsView.swift in Sources */,
			);
			runOnlyForDeploymentPostprocessing = 0;
		};
/* End PBXSourcesBuildPhase section */

/* Begin XCBuildConfiguration section */
		47ED3A3A299532EF00AE39C3 /* Debug */ = {
			isa = XCBuildConfiguration;
			buildSettings = {
				ALWAYS_SEARCH_USER_PATHS = NO;
				CLANG_ANALYZER_NONNULL = YES;
				CLANG_ANALYZER_NUMBER_OBJECT_CONVERSION = YES_AGGRESSIVE;
				CLANG_CXX_LANGUAGE_STANDARD = "gnu++20";
				CLANG_ENABLE_MODULES = YES;
				CLANG_ENABLE_OBJC_ARC = YES;
				CLANG_ENABLE_OBJC_WEAK = YES;
				CLANG_WARN_BLOCK_CAPTURE_AUTORELEASING = YES;
				CLANG_WARN_BOOL_CONVERSION = YES;
				CLANG_WARN_COMMA = YES;
				CLANG_WARN_CONSTANT_CONVERSION = YES;
				CLANG_WARN_DEPRECATED_OBJC_IMPLEMENTATIONS = YES;
				CLANG_WARN_DIRECT_OBJC_ISA_USAGE = YES_ERROR;
				CLANG_WARN_DOCUMENTATION_COMMENTS = YES;
				CLANG_WARN_EMPTY_BODY = YES;
				CLANG_WARN_ENUM_CONVERSION = YES;
				CLANG_WARN_INFINITE_RECURSION = YES;
				CLANG_WARN_INT_CONVERSION = YES;
				CLANG_WARN_NON_LITERAL_NULL_CONVERSION = YES;
				CLANG_WARN_OBJC_IMPLICIT_RETAIN_SELF = YES;
				CLANG_WARN_OBJC_LITERAL_CONVERSION = YES;
				CLANG_WARN_OBJC_ROOT_CLASS = YES_ERROR;
				CLANG_WARN_QUOTED_INCLUDE_IN_FRAMEWORK_HEADER = YES;
				CLANG_WARN_RANGE_LOOP_ANALYSIS = YES;
				CLANG_WARN_STRICT_PROTOTYPES = YES;
				CLANG_WARN_SUSPICIOUS_MOVE = YES;
				CLANG_WARN_UNGUARDED_AVAILABILITY = YES_AGGRESSIVE;
				CLANG_WARN_UNREACHABLE_CODE = YES;
				CLANG_WARN__DUPLICATE_METHOD_MATCH = YES;
				COPY_PHASE_STRIP = NO;
				DEBUG_INFORMATION_FORMAT = dwarf;
				ENABLE_STRICT_OBJC_MSGSEND = YES;
				ENABLE_TESTABILITY = YES;
				GCC_C_LANGUAGE_STANDARD = gnu11;
				GCC_DYNAMIC_NO_PIC = NO;
				GCC_NO_COMMON_BLOCKS = YES;
				GCC_OPTIMIZATION_LEVEL = 0;
				GCC_PREPROCESSOR_DEFINITIONS = (
					"DEBUG=1",
					"$(inherited)",
				);
				GCC_WARN_64_TO_32_BIT_CONVERSION = YES;
				GCC_WARN_ABOUT_RETURN_TYPE = YES_ERROR;
				GCC_WARN_UNDECLARED_SELECTOR = YES;
				GCC_WARN_UNINITIALIZED_AUTOS = YES_AGGRESSIVE;
				GCC_WARN_UNUSED_FUNCTION = YES;
				GCC_WARN_UNUSED_VARIABLE = YES;
				IPHONEOS_DEPLOYMENT_TARGET = 16.2;
				MTL_ENABLE_DEBUG_INFO = INCLUDE_SOURCE;
				MTL_FAST_MATH = YES;
				ONLY_ACTIVE_ARCH = YES;
				SDKROOT = iphoneos;
				SWIFT_ACTIVE_COMPILATION_CONDITIONS = DEBUG;
				SWIFT_OPTIMIZATION_LEVEL = "-Onone";
			};
			name = Debug;
		};
		47ED3A3B299532EF00AE39C3 /* Release */ = {
			isa = XCBuildConfiguration;
			buildSettings = {
				ALWAYS_SEARCH_USER_PATHS = NO;
				CLANG_ANALYZER_NONNULL = YES;
				CLANG_ANALYZER_NUMBER_OBJECT_CONVERSION = YES_AGGRESSIVE;
				CLANG_CXX_LANGUAGE_STANDARD = "gnu++20";
				CLANG_ENABLE_MODULES = YES;
				CLANG_ENABLE_OBJC_ARC = YES;
				CLANG_ENABLE_OBJC_WEAK = YES;
				CLANG_WARN_BLOCK_CAPTURE_AUTORELEASING = YES;
				CLANG_WARN_BOOL_CONVERSION = YES;
				CLANG_WARN_COMMA = YES;
				CLANG_WARN_CONSTANT_CONVERSION = YES;
				CLANG_WARN_DEPRECATED_OBJC_IMPLEMENTATIONS = YES;
				CLANG_WARN_DIRECT_OBJC_ISA_USAGE = YES_ERROR;
				CLANG_WARN_DOCUMENTATION_COMMENTS = YES;
				CLANG_WARN_EMPTY_BODY = YES;
				CLANG_WARN_ENUM_CONVERSION = YES;
				CLANG_WARN_INFINITE_RECURSION = YES;
				CLANG_WARN_INT_CONVERSION = YES;
				CLANG_WARN_NON_LITERAL_NULL_CONVERSION = YES;
				CLANG_WARN_OBJC_IMPLICIT_RETAIN_SELF = YES;
				CLANG_WARN_OBJC_LITERAL_CONVERSION = YES;
				CLANG_WARN_OBJC_ROOT_CLASS = YES_ERROR;
				CLANG_WARN_QUOTED_INCLUDE_IN_FRAMEWORK_HEADER = YES;
				CLANG_WARN_RANGE_LOOP_ANALYSIS = YES;
				CLANG_WARN_STRICT_PROTOTYPES = YES;
				CLANG_WARN_SUSPICIOUS_MOVE = YES;
				CLANG_WARN_UNGUARDED_AVAILABILITY = YES_AGGRESSIVE;
				CLANG_WARN_UNREACHABLE_CODE = YES;
				CLANG_WARN__DUPLICATE_METHOD_MATCH = YES;
				COPY_PHASE_STRIP = NO;
				DEBUG_INFORMATION_FORMAT = "dwarf-with-dsym";
				ENABLE_NS_ASSERTIONS = NO;
				ENABLE_STRICT_OBJC_MSGSEND = YES;
				GCC_C_LANGUAGE_STANDARD = gnu11;
				GCC_NO_COMMON_BLOCKS = YES;
				GCC_WARN_64_TO_32_BIT_CONVERSION = YES;
				GCC_WARN_ABOUT_RETURN_TYPE = YES_ERROR;
				GCC_WARN_UNDECLARED_SELECTOR = YES;
				GCC_WARN_UNINITIALIZED_AUTOS = YES_AGGRESSIVE;
				GCC_WARN_UNUSED_FUNCTION = YES;
				GCC_WARN_UNUSED_VARIABLE = YES;
				IPHONEOS_DEPLOYMENT_TARGET = 16.2;
				MTL_ENABLE_DEBUG_INFO = NO;
				MTL_FAST_MATH = YES;
				SDKROOT = iphoneos;
				SWIFT_COMPILATION_MODE = wholemodule;
				SWIFT_OPTIMIZATION_LEVEL = "-O";
				VALIDATE_PRODUCT = YES;
			};
			name = Release;
		};
		47ED3A3D299532EF00AE39C3 /* Debug */ = {
			isa = XCBuildConfiguration;
			buildSettings = {
				ASSETCATALOG_COMPILER_APPICON_NAME = AppIcon;
				ASSETCATALOG_COMPILER_GLOBAL_ACCENT_COLOR_NAME = AccentColor;
				CODE_SIGN_STYLE = Automatic;
				CURRENT_PROJECT_VERSION = 1;
				DEVELOPMENT_ASSET_PATHS = "\"Take Home Project SwiftUI/Preview Content\"";
				DEVELOPMENT_TEAM = 7BXSU3YQGA;
				ENABLE_PREVIEWS = YES;
				GENERATE_INFOPLIST_FILE = YES;
				INFOPLIST_FILE = "Take-Home-Project-SwiftUI-Info.plist";
				INFOPLIST_KEY_UIApplicationSceneManifest_Generation = YES;
				INFOPLIST_KEY_UIApplicationSupportsIndirectInputEvents = YES;
				INFOPLIST_KEY_UISupportedInterfaceOrientations = UIInterfaceOrientationPortrait;
				IPHONEOS_DEPLOYMENT_TARGET = 16.0;
				LD_RUNPATH_SEARCH_PATHS = (
					"$(inherited)",
					"@executable_path/Frameworks",
				);
				MARKETING_VERSION = 1.0;
				PRODUCT_BUNDLE_IDENTIFIER = "com.castleCode.Take-Home-Project-SwiftUI";
				PRODUCT_NAME = "$(TARGET_NAME)";
				SUPPORTED_PLATFORMS = "iphoneos iphonesimulator";
				SUPPORTS_MACCATALYST = NO;
				SUPPORTS_MAC_DESIGNED_FOR_IPHONE_IPAD = NO;
				SWIFT_EMIT_LOC_STRINGS = YES;
				SWIFT_VERSION = 5.0;
				TARGETED_DEVICE_FAMILY = 1;
			};
			name = Debug;
		};
		47ED3A3E299532EF00AE39C3 /* Release */ = {
			isa = XCBuildConfiguration;
			buildSettings = {
				ASSETCATALOG_COMPILER_APPICON_NAME = AppIcon;
				ASSETCATALOG_COMPILER_GLOBAL_ACCENT_COLOR_NAME = AccentColor;
				CODE_SIGN_STYLE = Automatic;
				CURRENT_PROJECT_VERSION = 1;
				DEVELOPMENT_ASSET_PATHS = "\"Take Home Project SwiftUI/Preview Content\"";
				DEVELOPMENT_TEAM = 7BXSU3YQGA;
				ENABLE_PREVIEWS = YES;
				GENERATE_INFOPLIST_FILE = YES;
				INFOPLIST_FILE = "Take-Home-Project-SwiftUI-Info.plist";
				INFOPLIST_KEY_UIApplicationSceneManifest_Generation = YES;
				INFOPLIST_KEY_UIApplicationSupportsIndirectInputEvents = YES;
				INFOPLIST_KEY_UISupportedInterfaceOrientations = UIInterfaceOrientationPortrait;
				IPHONEOS_DEPLOYMENT_TARGET = 16.0;
				LD_RUNPATH_SEARCH_PATHS = (
					"$(inherited)",
					"@executable_path/Frameworks",
				);
				MARKETING_VERSION = 1.0;
				PRODUCT_BUNDLE_IDENTIFIER = "com.castleCode.Take-Home-Project-SwiftUI";
				PRODUCT_NAME = "$(TARGET_NAME)";
				SUPPORTED_PLATFORMS = "iphoneos iphonesimulator";
				SUPPORTS_MACCATALYST = NO;
				SUPPORTS_MAC_DESIGNED_FOR_IPHONE_IPAD = NO;
				SWIFT_EMIT_LOC_STRINGS = YES;
				SWIFT_VERSION = 5.0;
				TARGETED_DEVICE_FAMILY = 1;
			};
			name = Release;
		};
/* End XCBuildConfiguration section */

/* Begin XCConfigurationList section */
		47ED3A29299532ED00AE39C3 /* Build configuration list for PBXProject "Take Home Project SwiftUI" */ = {
			isa = XCConfigurationList;
			buildConfigurations = (
				47ED3A3A299532EF00AE39C3 /* Debug */,
				47ED3A3B299532EF00AE39C3 /* Release */,
			);
			defaultConfigurationIsVisible = 0;
			defaultConfigurationName = Release;
		};
		47ED3A3C299532EF00AE39C3 /* Build configuration list for PBXNativeTarget "Take Home Project SwiftUI" */ = {
			isa = XCConfigurationList;
			buildConfigurations = (
				47ED3A3D299532EF00AE39C3 /* Debug */,
				47ED3A3E299532EF00AE39C3 /* Release */,
			);
			defaultConfigurationIsVisible = 0;
			defaultConfigurationName = Release;
		};
/* End XCConfigurationList section */
	};
	rootObject = 47ED3A26299532ED00AE39C3 /* Project object */;
}
